
Microsoft Visual Studio Solution File, Format Version 12.00
# Visual Studio for Mac
Project("{FAE04EC0-301F-11D3-BF4B-00C04F79EFBC}") = "Assembly-CSharp", "Assembly-CSharp.csproj", "{87A837C4-B68B-C6E5-9CF7-420B64CC8CE7}"
EndProject
Project("{FAE04EC0-301F-11D3-BF4B-00C04F79EFBC}") = "Assembly-CSharp-firstpass", "Assembly-CSharp-firstpass.csproj", "{7C082006-1635-0891-B56A-E1A77FB12CE4}"
EndProject
Project("{FAE04EC0-301F-11D3-BF4B-00C04F79EFBC}") = "Assembly-CSharp-Editor-firstpass", "Assembly-CSharp-Editor-firstpass.csproj", "{8BFFDE9E-A239-9473-776A-85C34B3C8C4A}"
EndProject
Project("{FAE04EC0-301F-11D3-BF4B-00C04F79EFBC}") = "Assembly-CSharp-Editor", "Assembly-CSharp-Editor.csproj", "{779CC927-C46A-A714-385A-B0873865613E}"
EndProject
Global
	GlobalSection(SolutionConfigurationPlatforms) = preSolution
		Debug|Any CPU = Debug|Any CPU
		Release|Any CPU = Release|Any CPU
	EndGlobalSection
	GlobalSection(ProjectConfigurationPlatforms) = postSolution
		{87A837C4-B68B-C6E5-9CF7-420B64CC8CE7}.Debug|Any CPU.ActiveCfg = Debug|Any CPU
		{87A837C4-B68B-C6E5-9CF7-420B64CC8CE7}.Debug|Any CPU.Build.0 = Debug|Any CPU
		{87A837C4-B68B-C6E5-9CF7-420B64CC8CE7}.Release|Any CPU.ActiveCfg = Release|Any CPU
		{87A837C4-B68B-C6E5-9CF7-420B64CC8CE7}.Release|Any CPU.Build.0 = Release|Any CPU
		{7C082006-1635-0891-B56A-E1A77FB12CE4}.Debug|Any CPU.ActiveCfg = Debug|Any CPU
		{7C082006-1635-0891-B56A-E1A77FB12CE4}.Debug|Any CPU.Build.0 = Debug|Any CPU
		{7C082006-1635-0891-B56A-E1A77FB12CE4}.Release|Any CPU.ActiveCfg = Release|Any CPU
		{7C082006-1635-0891-B56A-E1A77FB12CE4}.Release|Any CPU.Build.0 = Release|Any CPU
		{8BFFDE9E-A239-9473-776A-85C34B3C8C4A}.Debug|Any CPU.ActiveCfg = Debug|Any CPU
		{8BFFDE9E-A239-9473-776A-85C34B3C8C4A}.Debug|Any CPU.Build.0 = Debug|Any CPU
		{8BFFDE9E-A239-9473-776A-85C34B3C8C4A}.Release|Any CPU.ActiveCfg = Release|Any CPU
		{8BFFDE9E-A239-9473-776A-85C34B3C8C4A}.Release|Any CPU.Build.0 = Release|Any CPU
		{779CC927-C46A-A714-385A-B0873865613E}.Debug|Any CPU.ActiveCfg = Debug|Any CPU
		{779CC927-C46A-A714-385A-B0873865613E}.Debug|Any CPU.Build.0 = Debug|Any CPU
		{779CC927-C46A-A714-385A-B0873865613E}.Release|Any CPU.ActiveCfg = Release|Any CPU
		{779CC927-C46A-A714-385A-B0873865613E}.Release|Any CPU.Build.0 = Release|Any CPU
	EndGlobalSection
	GlobalSection(SolutionProperties) = preSolution
		HideSolutionNode = FALSE
	EndGlobalSection
EndGlobal
